
Microsoft Visual Studio Solution File, Format Version 12.00
# Visual Studio Version 17
VisualStudioVersion = 17.0.31903.59
MinimumVisualStudioVersion = 10.0.40219.1
Project("{2150E333-8FDC-42A3-9474-1A3956D46DE8}") = "src", "src", "{827E0CD3-B72D-47B6-A68D-7590B98EB39B}"
EndProject
Project("{FAE04EC0-301F-11D3-BF4B-00C04F79EFBC}") = "DotReticulum.Applications", "src\DotReticulum.Applications\DotReticulum.Applications.csproj", "{CE56E777-68F4-4FF2-8926-19EB43E93EFF}"
EndProject
Project("{FAE04EC0-301F-11D3-BF4B-00C04F79EFBC}") = "DotReticulum.Core", "src\DotReticulum.Core\DotReticulum.Core.csproj", "{D5767E5D-CEC3-43C3-B6BE-F9C055FA3EF0}"
EndProject
Project("{FAE04EC0-301F-11D3-BF4B-00C04F79EFBC}") = "DotReticulum.Crypto", "src\DotReticulum.Crypto\DotReticulum.Crypto.csproj", "{D84F744B-D117-44CE-877B-40DAEA817554}"
EndProject
Project("{FAE04EC0-301F-11D3-BF4B-00C04F79EFBC}") = "DotReticulum.Interfaces", "src\DotReticulum.Interfaces\DotReticulum.Interfaces.csproj", "{82AE19C7-D2CD-4B42-B80F-0EAD88903940}"
EndProject
Project("{FAE04EC0-301F-11D3-BF4B-00C04F79EFBC}") = "DotReticulum.Transport", "src\DotReticulum.Transport\DotReticulum.Transport.csproj", "{993A35D7-0204-41E2-9896-A9DD9D038BBB}"
EndProject
Project("{2150E333-8FDC-42A3-9474-1A3956D46DE8}") = "tests", "tests", "{0AB3BF05-4346-4AA6-1389-037BE0695223}"
EndProject
Project("{FAE04EC0-301F-11D3-BF4B-00C04F79EFBC}") = "DotReticulum.Core.Tests", "tests\DotReticulum.Core.Tests\DotReticulum.Core.Tests.csproj", "{54E7F7D1-947F-414E-A70B-97D7DD649CF9}"
EndProject
Project("{FAE04EC0-301F-11D3-BF4B-00C04F79EFBC}") = "DotReticulum.Crypto.Tests", "tests\DotReticulum.Crypto.Tests\DotReticulum.Crypto.Tests.csproj", "{8D22388F-B4AA-4DD8-9946-D4BA24E68BF4}"
EndProject
Project("{FAE04EC0-301F-11D3-BF4B-00C04F79EFBC}") = "DotReticulum.Interfaces.Tests", "tests\DotReticulum.Interfaces.Tests\DotReticulum.Interfaces.Tests.csproj", "{D79EB580-6392-4581-B145-810D3C1EF1FA}"
EndProject
Global
	GlobalSection(SolutionConfigurationPlatforms) = preSolution
		Debug|Any CPU = Debug|Any CPU
		Debug|x64 = Debug|x64
		Debug|x86 = Debug|x86
		Release|Any CPU = Release|Any CPU
		Release|x64 = Release|x64
		Release|x86 = Release|x86
	EndGlobalSection
	GlobalSection(ProjectConfigurationPlatforms) = postSolution
		{CE56E777-68F4-4FF2-8926-19EB43E93EFF}.Debug|Any CPU.ActiveCfg = Debug|Any CPU
		{CE56E777-68F4-4FF2-8926-19EB43E93EFF}.Debug|Any CPU.Build.0 = Debug|Any CPU
		{CE56E777-68F4-4FF2-8926-19EB43E93EFF}.Debug|x64.ActiveCfg = Debug|Any CPU
		{CE56E777-68F4-4FF2-8926-19EB43E93EFF}.Debug|x64.Build.0 = Debug|Any CPU
		{CE56E777-68F4-4FF2-8926-19EB43E93EFF}.Debug|x86.ActiveCfg = Debug|Any CPU
		{CE56E777-68F4-4FF2-8926-19EB43E93EFF}.Debug|x86.Build.0 = Debug|Any CPU
		{CE56E777-68F4-4FF2-8926-19EB43E93EFF}.Release|Any CPU.ActiveCfg = Release|Any CPU
		{CE56E777-68F4-4FF2-8926-19EB43E93EFF}.Release|Any CPU.Build.0 = Release|Any CPU
		{CE56E777-68F4-4FF2-8926-19EB43E93EFF}.Release|x64.ActiveCfg = Release|Any CPU
		{CE56E777-68F4-4FF2-8926-19EB43E93EFF}.Release|x64.Build.0 = Release|Any CPU
		{CE56E777-68F4-4FF2-8926-19EB43E93EFF}.Release|x86.ActiveCfg = Release|Any CPU
		{CE56E777-68F4-4FF2-8926-19EB43E93EFF}.Release|x86.Build.0 = Release|Any CPU
		{D5767E5D-CEC3-43C3-B6BE-F9C055FA3EF0}.Debug|Any CPU.ActiveCfg = Debug|Any CPU
		{D5767E5D-CEC3-43C3-B6BE-F9C055FA3EF0}.Debug|Any CPU.Build.0 = Debug|Any CPU
		{D5767E5D-CEC3-43C3-B6BE-F9C055FA3EF0}.Debug|x64.ActiveCfg = Debug|Any CPU
		{D5767E5D-CEC3-43C3-B6BE-F9C055FA3EF0}.Debug|x64.Build.0 = Debug|Any CPU
		{D5767E5D-CEC3-43C3-B6BE-F9C055FA3EF0}.Debug|x86.ActiveCfg = Debug|Any CPU
		{D5767E5D-CEC3-43C3-B6BE-F9C055FA3EF0}.Debug|x86.Build.0 = Debug|Any CPU
		{D5767E5D-CEC3-43C3-B6BE-F9C055FA3EF0}.Release|Any CPU.ActiveCfg = Release|Any CPU
		{D5767E5D-CEC3-43C3-B6BE-F9C055FA3EF0}.Release|Any CPU.Build.0 = Release|Any CPU
		{D5767E5D-CEC3-43C3-B6BE-F9C055FA3EF0}.Release|x64.ActiveCfg = Release|Any CPU
		{D5767E5D-CEC3-43C3-B6BE-F9C055FA3EF0}.Release|x64.Build.0 = Release|Any CPU
		{D5767E5D-CEC3-43C3-B6BE-F9C055FA3EF0}.Release|x86.ActiveCfg = Release|Any CPU
		{D5767E5D-CEC3-43C3-B6BE-F9C055FA3EF0}.Release|x86.Build.0 = Release|Any CPU
		{D84F744B-D117-44CE-877B-40DAEA817554}.Debug|Any CPU.ActiveCfg = Debug|Any CPU
		{D84F744B-D117-44CE-877B-40DAEA817554}.Debug|Any CPU.Build.0 = Debug|Any CPU
		{D84F744B-D117-44CE-877B-40DAEA817554}.Debug|x64.ActiveCfg = Debug|Any CPU
		{D84F744B-D117-44CE-877B-40DAEA817554}.Debug|x64.Build.0 = Debug|Any CPU
		{D84F744B-D117-44CE-877B-40DAEA817554}.Debug|x86.ActiveCfg = Debug|Any CPU
		{D84F744B-D117-44CE-877B-40DAEA817554}.Debug|x86.Build.0 = Debug|Any CPU
		{D84F744B-D117-44CE-877B-40DAEA817554}.Release|Any CPU.ActiveCfg = Release|Any CPU
		{D84F744B-D117-44CE-877B-40DAEA817554}.Release|Any CPU.Build.0 = Release|Any CPU
		{D84F744B-D117-44CE-877B-40DAEA817554}.Release|x64.ActiveCfg = Release|Any CPU
		{D84F744B-D117-44CE-877B-40DAEA817554}.Release|x64.Build.0 = Release|Any CPU
		{D84F744B-D117-44CE-877B-40DAEA817554}.Release|x86.ActiveCfg = Release|Any CPU
		{D84F744B-D117-44CE-877B-40DAEA817554}.Release|x86.Build.0 = Release|Any CPU
		{82AE19C7-D2CD-4B42-B80F-0EAD88903940}.Debug|Any CPU.ActiveCfg = Debug|Any CPU
		{82AE19C7-D2CD-4B42-B80F-0EAD88903940}.Debug|Any CPU.Build.0 = Debug|Any CPU
		{82AE19C7-D2CD-4B42-B80F-0EAD88903940}.Debug|x64.ActiveCfg = Debug|Any CPU
		{82AE19C7-D2CD-4B42-B80F-0EAD88903940}.Debug|x64.Build.0 = Debug|Any CPU
		{82AE19C7-D2CD-4B42-B80F-0EAD88903940}.Debug|x86.ActiveCfg = Debug|Any CPU
		{82AE19C7-D2CD-4B42-B80F-0EAD88903940}.Debug|x86.Build.0 = Debug|Any CPU
		{82AE19C7-D2CD-4B42-B80F-0EAD88903940}.Release|Any CPU.ActiveCfg = Release|Any CPU
		{82AE19C7-D2CD-4B42-B80F-0EAD88903940}.Release|Any CPU.Build.0 = Release|Any CPU
		{82AE19C7-D2CD-4B42-B80F-0EAD88903940}.Release|x64.ActiveCfg = Release|Any CPU
		{82AE19C7-D2CD-4B42-B80F-0EAD88903940}.Release|x64.Build.0 = Release|Any CPU
		{82AE19C7-D2CD-4B42-B80F-0EAD88903940}.Release|x86.ActiveCfg = Release|Any CPU
		{82AE19C7-D2CD-4B42-B80F-0EAD88903940}.Release|x86.Build.0 = Release|Any CPU
		{993A35D7-0204-41E2-9896-A9DD9D038BBB}.Debug|Any CPU.ActiveCfg = Debug|Any CPU
		{993A35D7-0204-41E2-9896-A9DD9D038BBB}.Debug|Any CPU.Build.0 = Debug|Any CPU
		{993A35D7-0204-41E2-9896-A9DD9D038BBB}.Debug|x64.ActiveCfg = Debug|Any CPU
		{993A35D7-0204-41E2-9896-A9DD9D038BBB}.Debug|x64.Build.0 = Debug|Any CPU
		{993A35D7-0204-41E2-9896-A9DD9D038BBB}.Debug|x86.ActiveCfg = Debug|Any CPU
		{993A35D7-0204-41E2-9896-A9DD9D038BBB}.Debug|x86.Build.0 = Debug|Any CPU
		{993A35D7-0204-41E2-9896-A9DD9D038BBB}.Release|Any CPU.ActiveCfg = Release|Any CPU
		{993A35D7-0204-41E2-9896-A9DD9D038BBB}.Release|Any CPU.Build.0 = Release|Any CPU
		{993A35D7-0204-41E2-9896-A9DD9D038BBB}.Release|x64.ActiveCfg = Release|Any CPU
		{993A35D7-0204-41E2-9896-A9DD9D038BBB}.Release|x64.Build.0 = Release|Any CPU
		{993A35D7-0204-41E2-9896-A9DD9D038BBB}.Release|x86.ActiveCfg = Release|Any CPU
		{993A35D7-0204-41E2-9896-A9DD9D038BBB}.Release|x86.Build.0 = Release|Any CPU
		{54E7F7D1-947F-414E-A70B-97D7DD649CF9}.Debug|Any CPU.ActiveCfg = Debug|Any CPU
		{54E7F7D1-947F-414E-A70B-97D7DD649CF9}.Debug|Any CPU.Build.0 = Debug|Any CPU
		{54E7F7D1-947F-414E-A70B-97D7DD649CF9}.Debug|x64.ActiveCfg = Debug|Any CPU
		{54E7F7D1-947F-414E-A70B-97D7DD649CF9}.Debug|x64.Build.0 = Debug|Any CPU
		{54E7F7D1-947F-414E-A70B-97D7DD649CF9}.Debug|x86.ActiveCfg = Debug|Any CPU
		{54E7F7D1-947F-414E-A70B-97D7DD649CF9}.Debug|x86.Build.0 = Debug|Any CPU
		{54E7F7D1-947F-414E-A70B-97D7DD649CF9}.Release|Any CPU.ActiveCfg = Release|Any CPU
		{54E7F7D1-947F-414E-A70B-97D7DD649CF9}.Release|Any CPU.Build.0 = Release|Any CPU
		{54E7F7D1-947F-414E-A70B-97D7DD649CF9}.Release|x64.ActiveCfg = Release|Any CPU
		{54E7F7D1-947F-414E-A70B-97D7DD649CF9}.Release|x64.Build.0 = Release|Any CPU
		{54E7F7D1-947F-414E-A70B-97D7DD649CF9}.Release|x86.ActiveCfg = Release|Any CPU
		{54E7F7D1-947F-414E-A70B-97D7DD649CF9}.Release|x86.Build.0 = Release|Any CPU
		{8D22388F-B4AA-4DD8-9946-D4BA24E68BF4}.Debug|Any CPU.ActiveCfg = Debug|Any CPU
		{8D22388F-B4AA-4DD8-9946-D4BA24E68BF4}.Debug|Any CPU.Build.0 = Debug|Any CPU
		{8D22388F-B4AA-4DD8-9946-D4BA24E68BF4}.Debug|x64.ActiveCfg = Debug|Any CPU
		{8D22388F-B4AA-4DD8-9946-D4BA24E68BF4}.Debug|x64.Build.0 = Debug|Any CPU
		{8D22388F-B4AA-4DD8-9946-D4BA24E68BF4}.Debug|x86.ActiveCfg = Debug|Any CPU
		{8D22388F-B4AA-4DD8-9946-D4BA24E68BF4}.Debug|x86.Build.0 = Debug|Any CPU
		{8D22388F-B4AA-4DD8-9946-D4BA24E68BF4}.Release|Any CPU.ActiveCfg = Release|Any CPU
		{8D22388F-B4AA-4DD8-9946-D4BA24E68BF4}.Release|Any CPU.Build.0 = Release|Any CPU
		{8D22388F-B4AA-4DD8-9946-D4BA24E68BF4}.Release|x64.ActiveCfg = Release|Any CPU
		{8D22388F-B4AA-4DD8-9946-D4BA24E68BF4}.Release|x64.Build.0 = Release|Any CPU
		{8D22388F-B4AA-4DD8-9946-D4BA24E68BF4}.Release|x86.ActiveCfg = Release|Any CPU
		{8D22388F-B4AA-4DD8-9946-D4BA24E68BF4}.Release|x86.Build.0 = Release|Any CPU
		{D79EB580-6392-4581-B145-810D3C1EF1FA}.Debug|Any CPU.ActiveCfg = Debug|Any CPU
		{D79EB580-6392-4581-B145-810D3C1EF1FA}.Debug|Any CPU.Build.0 = Debug|Any CPU
		{D79EB580-6392-4581-B145-810D3C1EF1FA}.Debug|x64.ActiveCfg = Debug|Any CPU
		{D79EB580-6392-4581-B145-810D3C1EF1FA}.Debug|x64.Build.0 = Debug|Any CPU
		{D79EB580-6392-4581-B145-810D3C1EF1FA}.Debug|x86.ActiveCfg = Debug|Any CPU
		{D79EB580-6392-4581-B145-810D3C1EF1FA}.Debug|x86.Build.0 = Debug|Any CPU
		{D79EB580-6392-4581-B145-810D3C1EF1FA}.Release|Any CPU.ActiveCfg = Release|Any CPU
		{D79EB580-6392-4581-B145-810D3C1EF1FA}.Release|Any CPU.Build.0 = Release|Any CPU
		{D79EB580-6392-4581-B145-810D3C1EF1FA}.Release|x64.ActiveCfg = Release|Any CPU
		{D79EB580-6392-4581-B145-810D3C1EF1FA}.Release|x64.Build.0 = Release|Any CPU
		{D79EB580-6392-4581-B145-810D3C1EF1FA}.Release|x86.ActiveCfg = Release|Any CPU
		{D79EB580-6392-4581-B145-810D3C1EF1FA}.Release|x86.Build.0 = Release|Any CPU
	EndGlobalSection
	GlobalSection(SolutionProperties) = preSolution
		HideSolutionNode = FALSE
	EndGlobalSection
	GlobalSection(NestedProjects) = preSolution
		{CE56E777-68F4-4FF2-8926-19EB43E93EFF} = {827E0CD3-B72D-47B6-A68D-7590B98EB39B}
		{D5767E5D-CEC3-43C3-B6BE-F9C055FA3EF0} = {827E0CD3-B72D-47B6-A68D-7590B98EB39B}
		{D84F744B-D117-44CE-877B-40DAEA817554} = {827E0CD3-B72D-47B6-A68D-7590B98EB39B}
		{82AE19C7-D2CD-4B42-B80F-0EAD88903940} = {827E0CD3-B72D-47B6-A68D-7590B98EB39B}
		{993A35D7-0204-41E2-9896-A9DD9D038BBB} = {827E0CD3-B72D-47B6-A68D-7590B98EB39B}
		{54E7F7D1-947F-414E-A70B-97D7DD649CF9} = {0AB3BF05-4346-4AA6-1389-037BE0695223}
		{8D22388F-B4AA-4DD8-9946-D4BA24E68BF4} = {0AB3BF05-4346-4AA6-1389-037BE0695223}
		{D79EB580-6392-4581-B145-810D3C1EF1FA} = {0AB3BF05-4346-4AA6-1389-037BE0695223}
	EndGlobalSection
EndGlobal
